{"SurveyEntry":{"SurveyID":"SV_0JuZwqrZjREg4yG","SurveyName":"AIMOS2021electionRandomiseResponses","SurveyDescription":null,"SurveyOwnerID":"UR_cU51XgzeZzebrTv","SurveyBrandID":"sydneypsy","DivisionID":"DV_a8XWh9N5JMmRgGx","SurveyLanguage":"EN-GB","SurveyActiveResponseSet":"RS_1Of0rE77lFQE65E","SurveyStatus":"Inactive","SurveyStartDate":"0000-00-00 00:00:00","SurveyExpirationDate":"0000-00-00 00:00:00","SurveyCreationDate":"2021-11-21 00:46:15","CreatorID":"UR_cU51XgzeZzebrTv","LastModified":"2021-12-01 12:53:57","LastAccessed":"0000-00-00 00:00:00","LastActivated":"2021-11-21 00:48:36","Deleted":null},"SurveyElements":[{"SurveyID":"SV_0JuZwqrZjREg4yG","Element":"BL","PrimaryAttribute":"Survey Blocks","SecondaryAttribute":null,"TertiaryAttribute":null,"Payload":[{"Type":"Default","Description":"Default Question Block","ID":"BL_6nGCEPL6AABa4Tj","BlockElements":[{"Type":"Question","QuestionID":"QID3"}],"Options":{"BlockLocking":"false","RandomizeQuestions":"false","BlockVisibility":"Expanded"}},{"Type":"Trash","Description":"Bin\/Unused Questions","ID":"BL_3yNoPVSXTQ3Da0l","BlockElements":[{"Type":"Question","QuestionID":"QID2"},{"Type":"Question","QuestionID":"QID4"},{"Type":"Question","QuestionID":"QID1"}]}]},{"SurveyID":"SV_0JuZwqrZjREg4yG","Element":"FL","PrimaryAttribute":"Survey Flow","SecondaryAttribute":null,"TertiaryAttribute":null,"Payload":{"Flow":[{"ID":"BL_6nGCEPL6AABa4Tj","Type":"Block","FlowID":"FL_2"}],"Properties":{"Count":3},"FlowID":"FL_1","Type":"Root"}},{"SurveyID":"SV_0JuZwqrZjREg4yG","Element":"RS","PrimaryAttribute":"RS_1Of0rE77lFQE65E","SecondaryAttribute":null,"TertiaryAttribute":null,"Payload":null},{"SurveyID":"SV_0JuZwqrZjREg4yG","Element":"SO","PrimaryAttribute":"Survey Options","SecondaryAttribute":null,"TertiaryAttribute":null,"Payload":{"BackButton":"false","SaveAndContinue":"true","SurveyProtection":"ByInvitation","BallotBoxStuffingPrevention":"true","NoIndex":"Yes","SecureResponseFiles":"true","SurveyExpiration":null,"SurveyTermination":"DisplayMessage","Header":"","Footer":"","ProgressBarDisplay":"None","PartialData":"+1 week","ValidationMessage":null,"PreviousButton":" \u2190 ","NextButton":" \u2192 ","SurveyTitle":"Online Survey Software | Qualtrics Survey Solutions","SkinLibrary":"sydneypsy","SkinType":"MQ","Skin":"sydneypsy1","NewScoring":1,"EOSMessage":"MS_56hJqRW7fNWXzHU","ShowExportTags":"false","CollectGeoLocation":"false","SurveyMetaDescription":"Qualtrics sophisticated online survey software solutions make creating online surveys easy. Learn more about Research Suite and get a free account today.","PasswordProtection":"No","AnonymizeResponse":"Yes","Password":"","RefererCheck":"No","RefererURL":"http:\/\/","BallotBoxStuffingPreventionBehavior":"DefaultMessage","BallotBoxStuffingPreventionMessage":"","BallotBoxStuffingPreventionMessageLibrary":"","BallotBoxStuffingPreventionURL":null,"RecaptchaV3":"false","ConfirmStart":false,"AutoConfirmStart":false,"RelevantID":"false","RelevantIDLockoutPeriod":"+30 days","UseCustomSurveyLinkCompletedMessage":null,"SurveyLinkCompletedMessage":"","SurveyLinkCompletedMessageLibrary":"","ResponseSummary":"No","EOSMessageLibrary":"UR_cU51XgzeZzebrTv","EOSRedirectURL":"https:\/\/","EmailThankYou":"false","ThankYouEmailMessageLibrary":null,"ThankYouEmailMessage":null,"ValidateMessage":"false","ValidationMessageLibrary":null,"InactiveSurvey":"DefaultMessage","PartialDeletion":null,"PartialDataCloseAfter":"LastActivity","ActiveResponseSet":null,"InactiveMessageLibrary":"","InactiveMessage":"","AvailableLanguages":{"EN-GB":[]},"ProtectSelectionIds":true}},{"SurveyID":"SV_0JuZwqrZjREg4yG","Element":"SCO","PrimaryAttribute":"Scoring","SecondaryAttribute":null,"TertiaryAttribute":null,"Payload":{"ScoringCategories":[],"ScoringCategoryGroups":[],"ScoringSummaryCategory":null,"ScoringSummaryAfterQuestions":0,"ScoringSummaryAfterSurvey":0,"DefaultScoringCategory":null,"AutoScoringCategory":null}},{"SurveyID":"SV_0JuZwqrZjREg4yG","Element":"PROJ","PrimaryAttribute":"CORE","SecondaryAttribute":null,"TertiaryAttribute":"1.1.0","Payload":{"ProjectCategory":"CORE","SchemaVersion":"1.1.0"}},{"SurveyID":"SV_0JuZwqrZjREg4yG","Element":"STAT","PrimaryAttribute":"Survey Statistics","SecondaryAttribute":null,"TertiaryAttribute":null,"Payload":{"MobileCompatible":false,"ID":"Survey Statistics"}},{"SurveyID":"SV_0JuZwqrZjREg4yG","Element":"QC","PrimaryAttribute":"Survey Question Count","SecondaryAttribute":"4","TertiaryAttribute":null,"Payload":null},{"SurveyID":"SV_0JuZwqrZjREg4yG","Element":"SQ","PrimaryAttribute":"QID1","SecondaryAttribute":"Below are the candidates for the AIMOS Committee. Please drag them into the order of your prefere...","TertiaryAttribute":null,"Payload":{"QuestionText":"Below are the candidates for the AIMOS Committee. Please drag them into the order of your preferences","DefaultChoices":false,"DataExportTag":"Q1","QuestionType":"RO","Selector":"DND","SubSelector":"TX","Configuration":{"QuestionDescriptionOption":"UseText"},"QuestionDescription":"Below are the candidates for the AIMOS Committee. Please drag them into the order of your prefere...","Choices":{"1":{"Display":"Alex Holcombe"},"2":{"Display":"Adrian Barnett"},"3":{"Display":"Simine Vazire"},"4":{"Display":"Jennifer Byrne"},"5":{"Display":"Carmelina Contarino"},"6":{"Display":"Fiona Fidler"},"7":{"Display":"Martin Bush"},"8":{"Display":"Mark Phillips"},"9":{"Display":"Kathy Zeiler"},"10":{"Display":"Daniel Hamilton"},"11":{"Display":"Matthew Page"},"12":{"Display":"Malgorzata (Losia) Lagisz"}},"ChoiceOrder":[1,2,3,4,5,"12",6,7,8,9,10,11],"Validation":{"Settings":{"ForceResponse":"OFF","Type":"None"}},"GradingData":[],"Language":[],"NextChoiceId":13,"NextAnswerId":1,"QuestionID":"QID1","DataVisibility":{"Private":false,"Hidden":false},"Randomization":{"Advanced":null,"TotalRandSubset":"","Type":"None"}}},{"SurveyID":"SV_0JuZwqrZjREg4yG","Element":"SQ","PrimaryAttribute":"QID4","SecondaryAttribute":"Click to write the question text","TertiaryAttribute":null,"Payload":{"QuestionText":"Click to write the question text","DataExportTag":"Q4","QuestionType":"MC","Selector":"SAVR","SubSelector":"TX","Configuration":{"QuestionDescriptionOption":"UseText"},"QuestionDescription":"Click to write the question text","Choices":{"1":{"Display":"Click to write Choice 1"},"2":{"Display":"Click to write Choice 2"},"3":{"Display":"Click to write Choice 3"}},"ChoiceOrder":["1","2","3"],"Validation":{"Settings":{"ForceResponse":"OFF","Type":"None"}},"Language":[],"NextChoiceId":4,"NextAnswerId":1,"QuestionID":"QID4"}},{"SurveyID":"SV_0JuZwqrZjREg4yG","Element":"SQ","PrimaryAttribute":"QID2","SecondaryAttribute":"Please indicate your preference for the position of Vice-president","TertiaryAttribute":null,"Payload":{"QuestionText":"Please indicate your preference for the position of Vice-president","DefaultChoices":false,"DataExportTag":"Q2","QuestionType":"RO","Selector":"DND","SubSelector":"TX","DataVisibility":{"Private":false,"Hidden":false},"Configuration":{"QuestionDescriptionOption":"UseText"},"QuestionDescription":"Please indicate your preference for the position of Vice-president","Choices":{"1":{"Display":"Khalid"},"2":{"Display":"Yui"},"3":{"Display":"Alice"},"4":{"Display":"Amare"},"5":{"Display":"Enrique"}},"ChoiceOrder":[1,2,3,4,5],"Validation":{"Settings":{"ForceResponse":"OFF","Type":"None"}},"GradingData":[],"Language":[],"NextChoiceId":6,"NextAnswerId":1,"QuestionID":"QID2"}},{"SurveyID":"SV_0JuZwqrZjREg4yG","Element":"SQ","PrimaryAttribute":"QID3","SecondaryAttribute":"The candidates' bios are here. Please drag their names into the order of your preferences","TertiaryAttribute":null,"Payload":{"QuestionText":"The candidates&#39; bios are <a href=\"https:\/\/aimos.community\/news\">here<\/a>. Please drag their names into the order of your preferences","DefaultChoices":false,"DataExportTag":"Q1","QuestionType":"RO","Selector":"DND","SubSelector":"TX","Configuration":{"QuestionDescriptionOption":"UseText"},"QuestionDescription":"The candidates' bios are here. Please drag their names into the order of your preferences","Choices":{"1":{"Display":"Kathy Zeiler"},"4":{"Display":"Simine Vazire"},"5":{"Display":"Mark Phillips"},"6":{"Display":"Matthew Page"},"7":{"Display":"Malgorzata (Losia) Lagisz"},"8":{"Display":"Alex Holcombe"},"9":{"Display":"Daniel Hamilton"},"10":{"Display":"Fiona Fidler"},"11":{"Display":"Jennifer Byrne"},"12":{"Display":"Martin Bush"},"13":{"Display":"Adrian Barnett"},"14":{"Display":"Carmelina Contarino"}},"ChoiceOrder":["1","4","5","6","7","8","9","10","11","12","13","14"],"Validation":{"Settings":{"ForceResponse":"ON","Type":"None"}},"GradingData":[],"Language":[],"NextChoiceId":15,"NextAnswerId":1,"QuestionID":"QID3","DataVisibility":{"Private":false,"Hidden":false},"Randomization":{"Advanced":null,"TotalRandSubset":"","Type":"All"}}}]}