{"SurveyEntry":{"SurveyID":"SV_2fUeQMqdHih6MOV","SurveyName":"test-election","SurveyDescription":null,"SurveyOwnerID":"UR_0dEGWozBRTAtMP3","SurveyBrandID":"deakinsurveys","DivisionID":"DV_eS9WJ9rwcaE2R2l","SurveyLanguage":"EN-GB","SurveyActiveResponseSet":"RS_25GHhIRBgpyjpYx","SurveyStatus":"Inactive","SurveyStartDate":"0000-00-00 00:00:00","SurveyExpirationDate":"0000-00-00 00:00:00","SurveyCreationDate":"2020-11-25 17:52:47","CreatorID":"UR_0dEGWozBRTAtMP3","LastModified":"2020-11-25 17:55:07","LastAccessed":"0000-00-00 00:00:00","LastActivated":"0000-00-00 00:00:00","Deleted":null},"SurveyElements":[{"SurveyID":"SV_2fUeQMqdHih6MOV","Element":"BL","PrimaryAttribute":"Survey Blocks","SecondaryAttribute":null,"TertiaryAttribute":null,"Payload":[{"Type":"Default","Description":"Default Question Block","ID":"BL_6nGCEPL6AABa4Tj","BlockElements":[{"Type":"Question","QuestionID":"QID1"},{"Type":"Question","QuestionID":"QID2"}]},{"Type":"Trash","Description":"Bin\/Unused Questions","ID":"BL_3yNoPVSXTQ3Da0l"}]},{"SurveyID":"SV_2fUeQMqdHih6MOV","Element":"FL","PrimaryAttribute":"Survey Flow","SecondaryAttribute":null,"TertiaryAttribute":null,"Payload":{"Flow":[{"ID":"BL_6nGCEPL6AABa4Tj","Type":"Block","FlowID":"FL_2"}],"Properties":{"Count":2},"FlowID":"FL_1","Type":"Root"}},{"SurveyID":"SV_2fUeQMqdHih6MOV","Element":"SO","PrimaryAttribute":"Survey Options","SecondaryAttribute":null,"TertiaryAttribute":null,"Payload":{"BackButton":"false","SaveAndContinue":"true","SurveyProtection":"ByInvitation","BallotBoxStuffingPrevention":"true","NoIndex":"Yes","SecureResponseFiles":"true","SurveyExpiration":null,"SurveyTermination":"DefaultMessage","Header":"","Footer":"","ProgressBarDisplay":"None","PartialData":"+1 week","ValidationMessage":null,"PreviousButton":" \u2190 ","NextButton":" \u2192 ","SurveyTitle":"Online Survey Software | Qualtrics Survey Solutions","SkinLibrary":"deakinsurveys","SkinType":"MQ","Skin":"deakinsurveys1","NewScoring":1,"EOSMessage":"","ShowExportTags":"false","CollectGeoLocation":"false","SurveyMetaDescription":"Qualtrics sophisticated online survey software solutions make creating online surveys easy. Learn more about Research Suite and get a free account today.","PasswordProtection":"No","AnonymizeResponse":"Yes","Password":"","RefererCheck":"No","RefererURL":"http:\/\/","BallotBoxStuffingPreventionBehavior":"DefaultMessage","BallotBoxStuffingPreventionMessage":"","BallotBoxStuffingPreventionMessageLibrary":"","BallotBoxStuffingPreventionURL":null,"RecaptchaV3":"false","ConfirmStart":false,"AutoConfirmStart":false,"RelevantID":"false","RelevantIDLockoutPeriod":"+30 days","UseCustomSurveyLinkCompletedMessage":null,"SurveyLinkCompletedMessage":"","SurveyLinkCompletedMessageLibrary":"","ResponseSummary":"No","EOSMessageLibrary":"","EOSRedirectURL":"https:\/\/","EmailThankYou":"false","ThankYouEmailMessageLibrary":null,"ThankYouEmailMessage":null,"ValidateMessage":"false","ValidationMessageLibrary":null,"InactiveSurvey":"DefaultMessage","PartialDeletion":null,"PartialDataCloseAfter":"LastActivity","ActiveResponseSet":null,"InactiveMessageLibrary":"","InactiveMessage":"","AvailableLanguages":{"EN-GB":[]}}},{"SurveyID":"SV_2fUeQMqdHih6MOV","Element":"SCO","PrimaryAttribute":"Scoring","SecondaryAttribute":null,"TertiaryAttribute":null,"Payload":{"ScoringCategories":[],"ScoringCategoryGroups":[],"ScoringSummaryCategory":null,"ScoringSummaryAfterQuestions":0,"ScoringSummaryAfterSurvey":0,"DefaultScoringCategory":null,"AutoScoringCategory":null}},{"SurveyID":"SV_2fUeQMqdHih6MOV","Element":"PROJ","PrimaryAttribute":"CORE","SecondaryAttribute":null,"TertiaryAttribute":"1.1.0","Payload":{"ProjectCategory":"CORE","SchemaVersion":"1.1.0"}},{"SurveyID":"SV_2fUeQMqdHih6MOV","Element":"STAT","PrimaryAttribute":"Survey Statistics","SecondaryAttribute":null,"TertiaryAttribute":null,"Payload":{"MobileCompatible":false,"ID":"Survey Statistics"}},{"SurveyID":"SV_2fUeQMqdHih6MOV","Element":"QC","PrimaryAttribute":"Survey Question Count","SecondaryAttribute":"2","TertiaryAttribute":null,"Payload":null},{"SurveyID":"SV_2fUeQMqdHih6MOV","Element":"RS","PrimaryAttribute":"RS_25GHhIRBgpyjpYx","SecondaryAttribute":"Default Response Set","TertiaryAttribute":null,"Payload":null},{"SurveyID":"SV_2fUeQMqdHih6MOV","Element":"SQ","PrimaryAttribute":"QID1","SecondaryAttribute":"Please indicate your preference for the position of President","TertiaryAttribute":null,"Payload":{"QuestionText":"Please indicate your preference for the position of President","DefaultChoices":false,"DataExportTag":"Q1","QuestionType":"RO","Selector":"DND","SubSelector":"TX","Configuration":{"QuestionDescriptionOption":"UseText"},"QuestionDescription":"Please indicate your preference for the position of President","Choices":{"1":{"Display":"Khalid"},"2":{"Display":"Yui"},"3":{"Display":"Alice"},"4":{"Display":"Amare"},"5":{"Display":"Enrique"}},"ChoiceOrder":[1,2,3,4,5],"Validation":{"Settings":{"ForceResponse":"OFF","Type":"None"}},"GradingData":[],"Language":[],"NextChoiceId":6,"NextAnswerId":1,"QuestionID":"QID1"}},{"SurveyID":"SV_2fUeQMqdHih6MOV","Element":"SQ","PrimaryAttribute":"QID2","SecondaryAttribute":"Please indicate your preference for the position of Vice-president","TertiaryAttribute":null,"Payload":{"QuestionText":"Please indicate your preference for the position of Vice-president","DefaultChoices":false,"DataExportTag":"Q2","QuestionType":"RO","Selector":"DND","SubSelector":"TX","DataVisibility":{"Private":false,"Hidden":false},"Configuration":{"QuestionDescriptionOption":"UseText"},"QuestionDescription":"Please indicate your preference for the position of Vice-president","Choices":{"1":{"Display":"Khalid"},"2":{"Display":"Yui"},"3":{"Display":"Alice"},"4":{"Display":"Amare"},"5":{"Display":"Enrique"}},"ChoiceOrder":[1,2,3,4,5],"Validation":{"Settings":{"ForceResponse":"OFF","Type":"None"}},"GradingData":[],"Language":[],"NextChoiceId":6,"NextAnswerId":1,"QuestionID":"QID2"}}]}